
Microsoft Visual Studio Solution File, Format Version 12.00
# Visual Studio 15
VisualStudioVersion = 15.0.28307.1705
MinimumVisualStudioVersion = 10.0.40219.1
Project("{8BC9CEB8-8B4A-11D0-8D11-00A0C91BC942}") = "P.37", "P.37\P.37.vcxproj", "{98DE148E-10E7-4FCD-B61C-857E92928C5E}"
EndProject
Global
	GlobalSection(SolutionConfigurationPlatforms) = preSolution
		Debug|x64 = Debug|x64
		Debug|x86 = Debug|x86
		Release|x64 = Release|x64
		Release|x86 = Release|x86
	EndGlobalSection
	GlobalSection(ProjectConfigurationPlatforms) = postSolution
		{98DE148E-10E7-4FCD-B61C-857E92928C5E}.Debug|x64.ActiveCfg = Debug|x64
		{98DE148E-10E7-4FCD-B61C-857E92928C5E}.Debug|x64.Build.0 = Debug|x64
		{98DE148E-10E7-4FCD-B61C-857E92928C5E}.Debug|x86.ActiveCfg = Debug|Win32
		{98DE148E-10E7-4FCD-B61C-857E92928C5E}.Debug|x86.Build.0 = Debug|Win32
		{98DE148E-10E7-4FCD-B61C-857E92928C5E}.Release|x64.ActiveCfg = Release|x64
		{98DE148E-10E7-4FCD-B61C-857E92928C5E}.Release|x64.Build.0 = Release|x64
		{98DE148E-10E7-4FCD-B61C-857E92928C5E}.Release|x86.ActiveCfg = Release|Win32
		{98DE148E-10E7-4FCD-B61C-857E92928C5E}.Release|x86.Build.0 = Release|Win32
	EndGlobalSection
	GlobalSection(SolutionProperties) = preSolution
		HideSolutionNode = FALSE
	EndGlobalSection
	GlobalSection(ExtensibilityGlobals) = postSolution
		SolutionGuid = {750C9250-B912-481E-9F0C-00C83A887D20}
	EndGlobalSection
EndGlobal
